
Microsoft Visual Studio Solution File, Format Version 12.00
# Visual Studio Version 17
VisualStudioVersion = 17.0.31903.59
MinimumVisualStudioVersion = 10.0.40219.1
Project("{2150E333-8FDC-42A3-9474-1A3956D46DE8}") = "Src", "Src", "{B07104EA-E4A7-4461-A699-B09BFB1D5800}"
EndProject
Project("{2150E333-8FDC-42A3-9474-1A3956D46DE8}") = "Core", "Core", "{0910C66B-6A08-4D71-83D6-EE97039AD0F8}"
EndProject
Project("{FAE04EC0-301F-11D3-BF4B-00C04F79EFBC}") = "HRLeaveManagement.Domain", "Src\Core\HRLeaveManagement.Domain\HRLeaveManagement.Domain.csproj", "{9ADF2BED-02C6-4159-BF2D-4A11816FB69F}"
EndProject
Project("{FAE04EC0-301F-11D3-BF4B-00C04F79EFBC}") = "HRLeaveManagement.Application", "Src\Core\HRLeaveManagement.Application\HRLeaveManagement.Application.csproj", "{2EC07862-FD53-483D-A485-0954DACCC351}"
EndProject
Global
	GlobalSection(SolutionConfigurationPlatforms) = preSolution
		Debug|Any CPU = Debug|Any CPU
		Release|Any CPU = Release|Any CPU
	EndGlobalSection
	GlobalSection(SolutionProperties) = preSolution
		HideSolutionNode = FALSE
	EndGlobalSection
	GlobalSection(ProjectConfigurationPlatforms) = postSolution
		{9ADF2BED-02C6-4159-BF2D-4A11816FB69F}.Debug|Any CPU.ActiveCfg = Debug|Any CPU
		{9ADF2BED-02C6-4159-BF2D-4A11816FB69F}.Debug|Any CPU.Build.0 = Debug|Any CPU
		{9ADF2BED-02C6-4159-BF2D-4A11816FB69F}.Release|Any CPU.ActiveCfg = Release|Any CPU
		{9ADF2BED-02C6-4159-BF2D-4A11816FB69F}.Release|Any CPU.Build.0 = Release|Any CPU
		{2EC07862-FD53-483D-A485-0954DACCC351}.Debug|Any CPU.ActiveCfg = Debug|Any CPU
		{2EC07862-FD53-483D-A485-0954DACCC351}.Debug|Any CPU.Build.0 = Debug|Any CPU
		{2EC07862-FD53-483D-A485-0954DACCC351}.Release|Any CPU.ActiveCfg = Release|Any CPU
		{2EC07862-FD53-483D-A485-0954DACCC351}.Release|Any CPU.Build.0 = Release|Any CPU
	EndGlobalSection
	GlobalSection(NestedProjects) = preSolution
		{0910C66B-6A08-4D71-83D6-EE97039AD0F8} = {B07104EA-E4A7-4461-A699-B09BFB1D5800}
		{9ADF2BED-02C6-4159-BF2D-4A11816FB69F} = {0910C66B-6A08-4D71-83D6-EE97039AD0F8}
		{2EC07862-FD53-483D-A485-0954DACCC351} = {0910C66B-6A08-4D71-83D6-EE97039AD0F8}
	EndGlobalSection
EndGlobal
